langcode: en
status: true
dependencies:
  config:
    - views.view.recipe_collections
  module:
    - views
  theme:
    - react_scaffold
id: react_scaffold_views_block__recipe_collections_block
theme: react_scaffold
region: content_bottom
weight: 0
provider: null
plugin: 'views_block:recipe_collections-block'
settings:
  id: 'views_block:recipe_collections-block'
  label: ''
  label_display: visible
  provider: views
  views_label: ''
  items_per_page: null
visibility: {  }
